// !$*UTF8*$!
{
	archiveVersion = 1;
	classes = {
	};
	objectVersion = 55;
	objects = {

/* Begin PBXBuildFile section */
		F01C8390277741080080D222 /* AppDelegate.swift in Sources */ = {isa = PBXBuildFile; fileRef = F01C838F277741080080D222 /* AppDelegate.swift */; };
		F01C8392277741080080D222 /* SceneDelegate.swift in Sources */ = {isa = PBXBuildFile; fileRef = F01C8391277741080080D222 /* SceneDelegate.swift */; };
		F01C8394277741080080D222 /* ViewController.swift in Sources */ = {isa = PBXBuildFile; fileRef = F01C8393277741080080D222 /* ViewController.swift */; };
		F01C8397277741080080D222 /* Main.storyboard in Resources */ = {isa = PBXBuildFile; fileRef = F01C8395277741080080D222 /* Main.storyboard */; };
		F01C83992777410A0080D222 /* Assets.xcassets in Resources */ = {isa = PBXBuildFile; fileRef = F01C83982777410A0080D222 /* Assets.xcassets */; };
		F01C839C2777410A0080D222 /* LaunchScreen.storyboard in Resources */ = {isa = PBXBuildFile; fileRef = F01C839A2777410A0080D222 /* LaunchScreen.storyboard */; };
		F01C83A72777410A0080D222 /* TravelManagerPlannerTests.swift in Sources */ = {isa = PBXBuildFile; fileRef = F01C83A62777410A0080D222 /* TravelManagerPlannerTests.swift */; };
		F01C83B12777410A0080D222 /* TravelManagerPlannerUITests.swift in Sources */ = {isa = PBXBuildFile; fileRef = F01C83B02777410A0080D222 /* TravelManagerPlannerUITests.swift */; };
		F01C83B32777410A0080D222 /* TravelManagerPlannerUITestsLaunchTests.swift in Sources */ = {isa = PBXBuildFile; fileRef = F01C83B22777410A0080D222 /* TravelManagerPlannerUITestsLaunchTests.swift */; };
/* End PBXBuildFile section */

/* Begin PBXContainerItemProxy section */
		F01C83A32777410A0080D222 /* PBXContainerItemProxy */ = {
			isa = PBXContainerItemProxy;
			containerPortal = F01C8384277741080080D222 /* Project object */;
			proxyType = 1;
			remoteGlobalIDString = F01C838B277741080080D222;
			remoteInfo = TravelManagerPlanner;
		};
		F01C83AD2777410A0080D222 /* PBXContainerItemProxy */ = {
			isa = PBXContainerItemProxy;
			containerPortal = F01C8384277741080080D222 /* Project object */;
			proxyType = 1;
			remoteGlobalIDString = F01C838B277741080080D222;
			remoteInfo = TravelManagerPlanner;
		};
/* End PBXContainerItemProxy section */

/* Begin PBXFileReference section */
		F01C838C277741080080D222 /* TravelManagerPlanner.app */ = {isa = PBXFileReference; explicitFileType = wrapper.application; includeInIndex = 0; path = TravelManagerPlanner.app; sourceTree = BUILT_PRODUCTS_DIR; };
		F01C838F277741080080D222 /* AppDelegate.swift */ = {isa = PBXFileReference; lastKnownFileType = sourcecode.swift; path = AppDelegate.swift; sourceTree = "<group>"; };
		F01C8391277741080080D222 /* SceneDelegate.swift */ = {isa = PBXFileReference; lastKnownFileType = sourcecode.swift; path = SceneDelegate.swift; sourceTree = "<group>"; };
		F01C8393277741080080D222 /* ViewController.swift */ = {isa = PBXFileReference; lastKnownFileType = sourcecode.swift; path = ViewController.swift; sourceTree = "<group>"; };
		F01C8396277741080080D222 /* Base */ = {isa = PBXFileReference; lastKnownFileType = file.storyboard; name = Base; path = Base.lproj/Main.storyboard; sourceTree = "<group>"; };
		F01C83982777410A0080D222 /* Assets.xcassets */ = {isa = PBXFileReference; lastKnownFileType = folder.assetcatalog; path = Assets.xcassets; sourceTree = "<group>"; };
		F01C839B2777410A0080D222 /* Base */ = {isa = PBXFileReference; lastKnownFileType = file.storyboard; name = Base; path = Base.lproj/LaunchScreen.storyboard; sourceTree = "<group>"; };
		F01C839D2777410A0080D222 /* Info.plist */ = {isa = PBXFileReference; lastKnownFileType = text.plist.xml; path = Info.plist; sourceTree = "<group>"; };
		F01C83A22777410A0080D222 /* TravelManagerPlannerTests.xctest */ = {isa = PBXFileReference; explicitFileType = wrapper.cfbundle; includeInIndex = 0; path = TravelManagerPlannerTests.xctest; sourceTree = BUILT_PRODUCTS_DIR; };
		F01C83A62777410A0080D222 /* TravelManagerPlannerTests.swift */ = {isa = PBXFileReference; lastKnownFileType = sourcecode.swift; path = TravelManagerPlannerTests.swift; sourceTree = "<group>"; };
		F01C83AC2777410A0080D222 /* TravelManagerPlannerUITests.xctest */ = {isa = PBXFileReference; explicitFileType = wrapper.cfbundle; includeInIndex = 0; path = TravelManagerPlannerUITests.xctest; sourceTree = BUILT_PRODUCTS_DIR; };
		F01C83B02777410A0080D222 /* TravelManagerPlannerUITests.swift */ = {isa = PBXFileReference; lastKnownFileType = sourcecode.swift; path = TravelManagerPlannerUITests.swift; sourceTree = "<group>"; };
		F01C83B22777410A0080D222 /* TravelManagerPlannerUITestsLaunchTests.swift */ = {isa = PBXFileReference; lastKnownFileType = sourcecode.swift; path = TravelManagerPlannerUITestsLaunchTests.swift; sourceTree = "<group>"; };
/* End PBXFileReference section */

/* Begin PBXFrameworksBuildPhase section */
		F01C8389277741080080D222 /* Frameworks */ = {
			isa = PBXFrameworksBuildPhase;
			buildActionMask = 2147483647;
			files = (
			);
			runOnlyForDeploymentPostprocessing = 0;
		};
		F01C839F2777410A0080D222 /* Frameworks */ = {
			isa = PBXFrameworksBuildPhase;
			buildActionMask = 2147483647;
			files = (
			);
			runOnlyForDeploymentPostprocessing = 0;
		};
		F01C83A92777410A0080D222 /* Frameworks */ = {
			isa = PBXFrameworksBuildPhase;
			buildActionMask = 2147483647;
			files = (
			);
			runOnlyForDeploymentPostprocessing = 0;
		};
/* End PBXFrameworksBuildPhase section */

/* Begin PBXGroup section */
		F01C8383277741080080D222 = {
			isa = PBXGroup;
			children = (
				F01C838E277741080080D222 /* TravelManagerPlanner */,
				F01C83A52777410A0080D222 /* TravelManagerPlannerTests */,
				F01C83AF2777410A0080D222 /* TravelManagerPlannerUITests */,
				F01C838D277741080080D222 /* Products */,
			);
			sourceTree = "<group>";
		};
		F01C838D277741080080D222 /* Products */ = {
			isa = PBXGroup;
			children = (
				F01C838C277741080080D222 /* TravelManagerPlanner.app */,
				F01C83A22777410A0080D222 /* TravelManagerPlannerTests.xctest */,
				F01C83AC2777410A0080D222 /* TravelManagerPlannerUITests.xctest */,
			);
			name = Products;
			sourceTree = "<group>";
		};
		F01C838E277741080080D222 /* TravelManagerPlanner */ = {
			isa = PBXGroup;
			children = (
				F01C838F277741080080D222 /* AppDelegate.swift */,
				F01C8391277741080080D222 /* SceneDelegate.swift */,
				F01C8393277741080080D222 /* ViewController.swift */,
				F01C8395277741080080D222 /* Main.storyboard */,
				F01C83982777410A0080D222 /* Assets.xcassets */,
				F01C839A2777410A0080D222 /* LaunchScreen.storyboard */,
				F01C839D2777410A0080D222 /* Info.plist */,
			);
			path = TravelManagerPlanner;
			sourceTree = "<group>";
		};
		F01C83A52777410A0080D222 /* TravelManagerPlannerTests */ = {
			isa = PBXGroup;
			children = (
				F01C83A62777410A0080D222 /* TravelManagerPlannerTests.swift */,
			);
			path = TravelManagerPlannerTests;
			sourceTree = "<group>";
		};
		F01C83AF2777410A0080D222 /* TravelManagerPlannerUITests */ = {
			isa = PBXGroup;
			children = (
				F01C83B02777410A0080D222 /* TravelManagerPlannerUITests.swift */,
				F01C83B22777410A0080D222 /* TravelManagerPlannerUITestsLaunchTests.swift */,
			);
			path = TravelManagerPlannerUITests;
			sourceTree = "<group>";
		};
/* End PBXGroup section */

/* Begin PBXNativeTarget section */
		F01C838B277741080080D222 /* TravelManagerPlanner */ = {
			isa = PBXNativeTarget;
			buildConfigurationList = F01C83B62777410A0080D222 /* Build configuration list for PBXNativeTarget "TravelManagerPlanner" */;
			buildPhases = (
				F01C8388277741080080D222 /* Sources */,
				F01C8389277741080080D222 /* Frameworks */,
				F01C838A277741080080D222 /* Resources */,
			);
			buildRules = (
			);
			dependencies = (
			);
			name = TravelManagerPlanner;
			productName = TravelManagerPlanner;
			productReference = F01C838C277741080080D222 /* TravelManagerPlanner.app */;
			productType = "com.apple.product-type.application";
		};
		F01C83A12777410A0080D222 /* TravelManagerPlannerTests */ = {
			isa = PBXNativeTarget;
			buildConfigurationList = F01C83B92777410A0080D222 /* Build configuration list for PBXNativeTarget "TravelManagerPlannerTests" */;
			buildPhases = (
				F01C839E2777410A0080D222 /* Sources */,
				F01C839F2777410A0080D222 /* Frameworks */,
				F01C83A02777410A0080D222 /* Resources */,
			);
			buildRules = (
			);
			dependencies = (
				F01C83A42777410A0080D222 /* PBXTargetDependency */,
			);
			name = TravelManagerPlannerTests;
			productName = TravelManagerPlannerTests;
			productReference = F01C83A22777410A0080D222 /* TravelManagerPlannerTests.xctest */;
			productType = "com.apple.product-type.bundle.unit-test";
		};
		F01C83AB2777410A0080D222 /* TravelManagerPlannerUITests */ = {
			isa = PBXNativeTarget;
			buildConfigurationList = F01C83BC2777410A0080D222 /* Build configuration list for PBXNativeTarget "TravelManagerPlannerUITests" */;
			buildPhases = (
				F01C83A82777410A0080D222 /* Sources */,
				F01C83A92777410A0080D222 /* Frameworks */,
				F01C83AA2777410A0080D222 /* Resources */,
			);
			buildRules = (
			);
			dependencies = (
				F01C83AE2777410A0080D222 /* PBXTargetDependency */,
			);
			name = TravelManagerPlannerUITests;
			productName = TravelManagerPlannerUITests;
			productReference = F01C83AC2777410A0080D222 /* TravelManagerPlannerUITests.xctest */;
			productType = "com.apple.product-type.bundle.ui-testing";
		};
/* End PBXNativeTarget section */

/* Begin PBXProject section */
		F01C8384277741080080D222 /* Project object */ = {
			isa = PBXProject;
			attributes = {
				BuildIndependentTargetsInParallel = 1;
				LastSwiftUpdateCheck = 1300;
				LastUpgradeCheck = 1300;
				TargetAttributes = {
					F01C838B277741080080D222 = {
						CreatedOnToolsVersion = 13.0;
					};
					F01C83A12777410A0080D222 = {
						CreatedOnToolsVersion = 13.0;
						TestTargetID = F01C838B277741080080D222;
					};
					F01C83AB2777410A0080D222 = {
						CreatedOnToolsVersion = 13.0;
						TestTargetID = F01C838B277741080080D222;
					};
				};
			};
			buildConfigurationList = F01C8387277741080080D222 /* Build configuration list for PBXProject "TravelManagerPlanner" */;
			compatibilityVersion = "Xcode 13.0";
			developmentRegion = en;
			hasScannedForEncodings = 0;
			knownRegions = (
				en,
				Base,
			);
			mainGroup = F01C8383277741080080D222;
			productRefGroup = F01C838D277741080080D222 /* Products */;
			projectDirPath = "";
			projectRoot = "";
			targets = (
				F01C838B277741080080D222 /* TravelManagerPlanner */,
				F01C83A12777410A0080D222 /* TravelManagerPlannerTests */,
				F01C83AB2777410A0080D222 /* TravelManagerPlannerUITests */,
			);
		};
/* End PBXProject section */

/* Begin PBXResourcesBuildPhase section */
		F01C838A277741080080D222 /* Resources */ = {
			isa = PBXResourcesBuildPhase;
			buildActionMask = 2147483647;
			files = (
				F01C839C2777410A0080D222 /* LaunchScreen.storyboard in Resources */,
				F01C83992777410A0080D222 /* Assets.xcassets in Resources */,
				F01C8397277741080080D222 /* Main.storyboard in Resources */,
			);
			runOnlyForDeploymentPostprocessing = 0;
		};
		F01C83A02777410A0080D222 /* Resources */ = {
			isa = PBXResourcesBuildPhase;
			buildActionMask = 2147483647;
			files = (
			);
			runOnlyForDeploymentPostprocessing = 0;
		};
		F01C83AA2777410A0080D222 /* Resources */ = {
			isa = PBXResourcesBuildPhase;
			buildActionMask = 2147483647;
			files = (
			);
			runOnlyForDeploymentPostprocessing = 0;
		};
/* End PBXResourcesBuildPhase section */

/* Begin PBXSourcesBuildPhase section */
		F01C8388277741080080D222 /* Sources */ = {
			isa = PBXSourcesBuildPhase;
			buildActionMask = 2147483647;
			files = (
				F01C8394277741080080D222 /* ViewController.swift in Sources */,
				F01C8390277741080080D222 /* AppDelegate.swift in Sources */,
				F01C8392277741080080D222 /* SceneDelegate.swift in Sources */,
			);
			runOnlyForDeploymentPostprocessing = 0;
		};
		F01C839E2777410A0080D222 /* Sources */ = {
			isa = PBXSourcesBuildPhase;
			buildActionMask = 2147483647;
			files = (
				F01C83A72777410A0080D222 /* TravelManagerPlannerTests.swift in Sources */,
			);
			runOnlyForDeploymentPostprocessing = 0;
		};
		F01C83A82777410A0080D222 /* Sources */ = {
			isa = PBXSourcesBuildPhase;
			buildActionMask = 2147483647;
			files = (
				F01C83B12777410A0080D222 /* TravelManagerPlannerUITests.swift in Sources */,
				F01C83B32777410A0080D222 /* TravelManagerPlannerUITestsLaunchTests.swift in Sources */,
			);
			runOnlyForDeploymentPostprocessing = 0;
		};
/* End PBXSourcesBuildPhase section */

/* Begin PBXTargetDependency section */
		F01C83A42777410A0080D222 /* PBXTargetDependency */ = {
			isa = PBXTargetDependency;
			target = F01C838B277741080080D222 /* TravelManagerPlanner */;
			targetProxy = F01C83A32777410A0080D222 /* PBXContainerItemProxy */;
		};
		F01C83AE2777410A0080D222 /* PBXTargetDependency */ = {
			isa = PBXTargetDependency;
			target = F01C838B277741080080D222 /* TravelManagerPlanner */;
			targetProxy = F01C83AD2777410A0080D222 /* PBXContainerItemProxy */;
		};
/* End PBXTargetDependency section */

/* Begin PBXVariantGroup section */
		F01C8395277741080080D222 /* Main.storyboard */ = {
			isa = PBXVariantGroup;
			children = (
				F01C8396277741080080D222 /* Base */,
			);
			name = Main.storyboard;
			sourceTree = "<group>";
		};
		F01C839A2777410A0080D222 /* LaunchScreen.storyboard */ = {
			isa = PBXVariantGroup;
			children = (
				F01C839B2777410A0080D222 /* Base */,
			);
			name = LaunchScreen.storyboard;
			sourceTree = "<group>";
		};
/* End PBXVariantGroup section */

/* Begin XCBuildConfiguration section */
		F01C83B42777410A0080D222 /* Debug */ = {
			isa = XCBuildConfiguration;
			buildSettings = {
				ALWAYS_SEARCH_USER_PATHS = NO;
				CLANG_ANALYZER_NONNULL = YES;
				CLANG_ANALYZER_NUMBER_OBJECT_CONVERSION = YES_AGGRESSIVE;
				CLANG_CXX_LANGUAGE_STANDARD = "gnu++17";
				CLANG_CXX_LIBRARY = "libc++";
				CLANG_ENABLE_MODULES = YES;
				CLANG_ENABLE_OBJC_ARC = YES;
				CLANG_ENABLE_OBJC_WEAK = YES;
				CLANG_WARN_BLOCK_CAPTURE_AUTORELEASING = YES;
				CLANG_WARN_BOOL_CONVERSION = YES;
				CLANG_WARN_COMMA = YES;
				CLANG_WARN_CONSTANT_CONVERSION = YES;
				CLANG_WARN_DEPRECATED_OBJC_IMPLEMENTATIONS = YES;
				CLANG_WARN_DIRECT_OBJC_ISA_USAGE = YES_ERROR;
				CLANG_WARN_DOCUMENTATION_COMMENTS = YES;
				CLANG_WARN_EMPTY_BODY = YES;
				CLANG_WARN_ENUM_CONVERSION = YES;
				CLANG_WARN_INFINITE_RECURSION = YES;
				CLANG_WARN_INT_CONVERSION = YES;
				CLANG_WARN_NON_LITERAL_NULL_CONVERSION = YES;
				CLANG_WARN_OBJC_IMPLICIT_RETAIN_SELF = YES;
				CLANG_WARN_OBJC_LITERAL_CONVERSION = YES;
				CLANG_WARN_OBJC_ROOT_CLASS = YES_ERROR;
				CLANG_WARN_QUOTED_INCLUDE_IN_FRAMEWORK_HEADER = YES;
				CLANG_WARN_RANGE_LOOP_ANALYSIS = YES;
				CLANG_WARN_STRICT_PROTOTYPES = YES;
				CLANG_WARN_SUSPICIOUS_MOVE = YES;
				CLANG_WARN_UNGUARDED_AVAILABILITY = YES_AGGRESSIVE;
				CLANG_WARN_UNREACHABLE_CODE = YES;
				CLANG_WARN__DUPLICATE_METHOD_MATCH = YES;
				COPY_PHASE_STRIP = NO;
				DEBUG_INFORMATION_FORMAT = dwarf;
				ENABLE_STRICT_OBJC_MSGSEND = YES;
				ENABLE_TESTABILITY = YES;
				GCC_C_LANGUAGE_STANDARD = gnu11;
				GCC_DYNAMIC_NO_PIC = NO;
				GCC_NO_COMMON_BLOCKS = YES;
				GCC_OPTIMIZATION_LEVEL = 0;
				GCC_PREPROCESSOR_DEFINITIONS = (
					"DEBUG=1",
					"$(inherited)",
				);
				GCC_WARN_64_TO_32_BIT_CONVERSION = YES;
				GCC_WARN_ABOUT_RETURN_TYPE = YES_ERROR;
				GCC_WARN_UNDECLARED_SELECTOR = YES;
				GCC_WARN_UNINITIALIZED_AUTOS = YES_AGGRESSIVE;
				GCC_WARN_UNUSED_FUNCTION = YES;
				GCC_WARN_UNUSED_VARIABLE = YES;
				IPHONEOS_DEPLOYMENT_TARGET = 15.0;
				MTL_ENABLE_DEBUG_INFO = INCLUDE_SOURCE;
				MTL_FAST_MATH = YES;
				ONLY_ACTIVE_ARCH = YES;
				SDKROOT = iphoneos;
				SWIFT_ACTIVE_COMPILATION_CONDITIONS = DEBUG;
				SWIFT_OPTIMIZATION_LEVEL = "-Onone";
			};
			name = Debug;
		};
		F01C83B52777410A0080D222 /* Release */ = {
			isa = XCBuildConfiguration;
			buildSettings = {
				ALWAYS_SEARCH_USER_PATHS = NO;
				CLANG_ANALYZER_NONNULL = YES;
				CLANG_ANALYZER_NUMBER_OBJECT_CONVERSION = YES_AGGRESSIVE;
				CLANG_CXX_LANGUAGE_STANDARD = "gnu++17";
				CLANG_CXX_LIBRARY = "libc++";
				CLANG_ENABLE_MODULES = YES;
				CLANG_ENABLE_OBJC_ARC = YES;
				CLANG_ENABLE_OBJC_WEAK = YES;
				CLANG_WARN_BLOCK_CAPTURE_AUTORELEASING = YES;
				CLANG_WARN_BOOL_CONVERSION = YES;
				CLANG_WARN_COMMA = YES;
				CLANG_WARN_CONSTANT_CONVERSION = YES;
				CLANG_WARN_DEPRECATED_OBJC_IMPLEMENTATIONS = YES;
				CLANG_WARN_DIRECT_OBJC_ISA_USAGE = YES_ERROR;
				CLANG_WARN_DOCUMENTATION_COMMENTS = YES;
				CLANG_WARN_EMPTY_BODY = YES;
				CLANG_WARN_ENUM_CONVERSION = YES;
				CLANG_WARN_INFINITE_RECURSION = YES;
				CLANG_WARN_INT_CONVERSION = YES;
				CLANG_WARN_NON_LITERAL_NULL_CONVERSION = YES;
				CLANG_WARN_OBJC_IMPLICIT_RETAIN_SELF = YES;
				CLANG_WARN_OBJC_LITERAL_CONVERSION = YES;
				CLANG_WARN_OBJC_ROOT_CLASS = YES_ERROR;
				CLANG_WARN_QUOTED_INCLUDE_IN_FRAMEWORK_HEADER = YES;
				CLANG_WARN_RANGE_LOOP_ANALYSIS = YES;
				CLANG_WARN_STRICT_PROTOTYPES = YES;
				CLANG_WARN_SUSPICIOUS_MOVE = YES;
				CLANG_WARN_UNGUARDED_AVAILABILITY = YES_AGGRESSIVE;
				CLANG_WARN_UNREACHABLE_CODE = YES;
				CLANG_WARN__DUPLICATE_METHOD_MATCH = YES;
				COPY_PHASE_STRIP = NO;
				DEBUG_INFORMATION_FORMAT = "dwarf-with-dsym";
				ENABLE_NS_ASSERTIONS = NO;
				ENABLE_STRICT_OBJC_MSGSEND = YES;
				GCC_C_LANGUAGE_STANDARD = gnu11;
				GCC_NO_COMMON_BLOCKS = YES;
				GCC_WARN_64_TO_32_BIT_CONVERSION = YES;
				GCC_WARN_ABOUT_RETURN_TYPE = YES_ERROR;
				GCC_WARN_UNDECLARED_SELECTOR = YES;
				GCC_WARN_UNINITIALIZED_AUTOS = YES_AGGRESSIVE;
				GCC_WARN_UNUSED_FUNCTION = YES;
				GCC_WARN_UNUSED_VARIABLE = YES;
				IPHONEOS_DEPLOYMENT_TARGET = 15.0;
				MTL_ENABLE_DEBUG_INFO = NO;
				MTL_FAST_MATH = YES;
				SDKROOT = iphoneos;
				SWIFT_COMPILATION_MODE = wholemodule;
				SWIFT_OPTIMIZATION_LEVEL = "-O";
				VALIDATE_PRODUCT = YES;
			};
			name = Release;
		};
		F01C83B72777410A0080D222 /* Debug */ = {
			isa = XCBuildConfiguration;
			buildSettings = {
				ASSETCATALOG_COMPILER_APPICON_NAME = AppIcon;
				ASSETCATALOG_COMPILER_GLOBAL_ACCENT_COLOR_NAME = AccentColor;
				CODE_SIGN_STYLE = Automatic;
				CURRENT_PROJECT_VERSION = 1;
				DEVELOPMENT_TEAM = QA5P85RJWN;
				GENERATE_INFOPLIST_FILE = YES;
				INFOPLIST_FILE = TravelManagerPlanner/Info.plist;
				INFOPLIST_KEY_UIApplicationSupportsIndirectInputEvents = YES;
				INFOPLIST_KEY_UILaunchStoryboardName = LaunchScreen;
				INFOPLIST_KEY_UIMainStoryboardFile = Main;
				INFOPLIST_KEY_UISupportedInterfaceOrientations_iPad = "UIInterfaceOrientationPortrait UIInterfaceOrientationPortraitUpsideDown UIInterfaceOrientationLandscapeLeft UIInterfaceOrientationLandscapeRight";
				INFOPLIST_KEY_UISupportedInterfaceOrientations_iPhone = "UIInterfaceOrientationPortrait UIInterfaceOrientationLandscapeLeft UIInterfaceOrientationLandscapeRight";
				LD_RUNPATH_SEARCH_PATHS = (
					"$(inherited)",
					"@executable_path/Frameworks",
				);
				MARKETING_VERSION = 1.0;
				PRODUCT_BUNDLE_IDENTIFIER = com.SUY.TravelManagerPlanner;
				PRODUCT_NAME = "$(TARGET_NAME)";
				SWIFT_EMIT_LOC_STRINGS = YES;
				SWIFT_VERSION = 5.0;
				TARGETED_DEVICE_FAMILY = "1,2";
			};
			name = Debug;
		};
		F01C83B82777410A0080D222 /* Release */ = {
			isa = XCBuildConfiguration;
			buildSettings = {
				ASSETCATALOG_COMPILER_APPICON_NAME = AppIcon;
				ASSETCATALOG_COMPILER_GLOBAL_ACCENT_COLOR_NAME = AccentColor;
				CODE_SIGN_STYLE = Automatic;
				CURRENT_PROJECT_VERSION = 1;
				DEVELOPMENT_TEAM = QA5P85RJWN;
				GENERATE_INFOPLIST_FILE = YES;
				INFOPLIST_FILE = TravelManagerPlanner/Info.plist;
				INFOPLIST_KEY_UIApplicationSupportsIndirectInputEvents = YES;
				INFOPLIST_KEY_UILaunchStoryboardName = LaunchScreen;
				INFOPLIST_KEY_UIMainStoryboardFile = Main;
				INFOPLIST_KEY_UISupportedInterfaceOrientations_iPad = "UIInterfaceOrientationPortrait UIInterfaceOrientationPortraitUpsideDown UIInterfaceOrientationLandscapeLeft UIInterfaceOrientationLandscapeRight";
				INFOPLIST_KEY_UISupportedInterfaceOrientations_iPhone = "UIInterfaceOrientationPortrait UIInterfaceOrientationLandscapeLeft UIInterfaceOrientationLandscapeRight";
				LD_RUNPATH_SEARCH_PATHS = (
					"$(inherited)",
					"@executable_path/Frameworks",
				);
				MARKETING_VERSION = 1.0;
				PRODUCT_BUNDLE_IDENTIFIER = com.SUY.TravelManagerPlanner;
				PRODUCT_NAME = "$(TARGET_NAME)";
				SWIFT_EMIT_LOC_STRINGS = YES;
				SWIFT_VERSION = 5.0;
				TARGETED_DEVICE_FAMILY = "1,2";
			};
			name = Release;
		};
		F01C83BA2777410A0080D222 /* Debug */ = {
			isa = XCBuildConfiguration;
			buildSettings = {
				ALWAYS_EMBED_SWIFT_STANDARD_LIBRARIES = YES;
				BUNDLE_LOADER = "$(TEST_HOST)";
				CODE_SIGN_STYLE = Automatic;
				CURRENT_PROJECT_VERSION = 1;
				DEVELOPMENT_TEAM = QA5P85RJWN;
				GENERATE_INFOPLIST_FILE = YES;
				IPHONEOS_DEPLOYMENT_TARGET = 15.0;
				LD_RUNPATH_SEARCH_PATHS = (
					"$(inherited)",
					"@executable_path/Frameworks",
					"@loader_path/Frameworks",
				);
				MARKETING_VERSION = 1.0;
				PRODUCT_BUNDLE_IDENTIFIER = com.SUY.TravelManagerPlannerTests;
				PRODUCT_NAME = "$(TARGET_NAME)";
				SWIFT_EMIT_LOC_STRINGS = NO;
				SWIFT_VERSION = 5.0;
				TARGETED_DEVICE_FAMILY = "1,2";
				TEST_HOST = "$(BUILT_PRODUCTS_DIR)/TravelManagerPlanner.app/TravelManagerPlanner";
			};
			name = Debug;
		};
		F01C83BB2777410A0080D222 /* Release */ = {
			isa = XCBuildConfiguration;
			buildSettings = {
				ALWAYS_EMBED_SWIFT_STANDARD_LIBRARIES = YES;
				BUNDLE_LOADER = "$(TEST_HOST)";
				CODE_SIGN_STYLE = Automatic;
				CURRENT_PROJECT_VERSION = 1;
				DEVELOPMENT_TEAM = QA5P85RJWN;
				GENERATE_INFOPLIST_FILE = YES;
				IPHONEOS_DEPLOYMENT_TARGET = 15.0;
				LD_RUNPATH_SEARCH_PATHS = (
					"$(inherited)",
					"@executable_path/Frameworks",
					"@loader_path/Frameworks",
				);
				MARKETING_VERSION = 1.0;
				PRODUCT_BUNDLE_IDENTIFIER = com.SUY.TravelManagerPlannerTests;
				PRODUCT_NAME = "$(TARGET_NAME)";
				SWIFT_EMIT_LOC_STRINGS = NO;
				SWIFT_VERSION = 5.0;
				TARGETED_DEVICE_FAMILY = "1,2";
				TEST_HOST = "$(BUILT_PRODUCTS_DIR)/TravelManagerPlanner.app/TravelManagerPlanner";
			};
			name = Release;
		};
		F01C83BD2777410A0080D222 /* Debug */ = {
			isa = XCBuildConfiguration;
			buildSettings = {
				ALWAYS_EMBED_SWIFT_STANDARD_LIBRARIES = YES;
				CODE_SIGN_STYLE = Automatic;
				CURRENT_PROJECT_VERSION = 1;
				DEVELOPMENT_TEAM = QA5P85RJWN;
				GENERATE_INFOPLIST_FILE = YES;
				LD_RUNPATH_SEARCH_PATHS = (
					"$(inherited)",
					"@executable_path/Frameworks",
					"@loader_path/Frameworks",
				);
				MARKETING_VERSION = 1.0;
				PRODUCT_BUNDLE_IDENTIFIER = com.SUY.TravelManagerPlannerUITests;
				PRODUCT_NAME = "$(TARGET_NAME)";
				SWIFT_EMIT_LOC_STRINGS = NO;
				SWIFT_VERSION = 5.0;
				TARGETED_DEVICE_FAMILY = "1,2";
				TEST_TARGET_NAME = TravelManagerPlanner;
			};
			name = Debug;
		};
		F01C83BE2777410A0080D222 /* Release */ = {
			isa = XCBuildConfiguration;
			buildSettings = {
				ALWAYS_EMBED_SWIFT_STANDARD_LIBRARIES = YES;
				CODE_SIGN_STYLE = Automatic;
				CURRENT_PROJECT_VERSION = 1;
				DEVELOPMENT_TEAM = QA5P85RJWN;
				GENERATE_INFOPLIST_FILE = YES;
				LD_RUNPATH_SEARCH_PATHS = (
					"$(inherited)",
					"@executable_path/Frameworks",
					"@loader_path/Frameworks",
				);
				MARKETING_VERSION = 1.0;
				PRODUCT_BUNDLE_IDENTIFIER = com.SUY.TravelManagerPlannerUITests;
				PRODUCT_NAME = "$(TARGET_NAME)";
				SWIFT_EMIT_LOC_STRINGS = NO;
				SWIFT_VERSION = 5.0;
				TARGETED_DEVICE_FAMILY = "1,2";
				TEST_TARGET_NAME = TravelManagerPlanner;
			};
			name = Release;
		};
/* End XCBuildConfiguration section */

/* Begin XCConfigurationList section */
		F01C8387277741080080D222 /* Build configuration list for PBXProject "TravelManagerPlanner" */ = {
			isa = XCConfigurationList;
			buildConfigurations = (
				F01C83B42777410A0080D222 /* Debug */,
				F01C83B52777410A0080D222 /* Release */,
			);
			defaultConfigurationIsVisible = 0;
			defaultConfigurationName = Release;
		};
		F01C83B62777410A0080D222 /* Build configuration list for PBXNativeTarget "TravelManagerPlanner" */ = {
			isa = XCConfigurationList;
			buildConfigurations = (
				F01C83B72777410A0080D222 /* Debug */,
				F01C83B82777410A0080D222 /* Release */,
			);
			defaultConfigurationIsVisible = 0;
			defaultConfigurationName = Release;
		};
		F01C83B92777410A0080D222 /* Build configuration list for PBXNativeTarget "TravelManagerPlannerTests" */ = {
			isa = XCConfigurationList;
			buildConfigurations = (
				F01C83BA2777410A0080D222 /* Debug */,
				F01C83BB2777410A0080D222 /* Release */,
			);
			defaultConfigurationIsVisible = 0;
			defaultConfigurationName = Release;
		};
		F01C83BC2777410A0080D222 /* Build configuration list for PBXNativeTarget "TravelManagerPlannerUITests" */ = {
			isa = XCConfigurationList;
			buildConfigurations = (
				F01C83BD2777410A0080D222 /* Debug */,
				F01C83BE2777410A0080D222 /* Release */,
			);
			defaultConfigurationIsVisible = 0;
			defaultConfigurationName = Release;
		};
/* End XCConfigurationList section */
	};
	rootObject = F01C8384277741080080D222 /* Project object */;
}
