PODS:
  - Alamofire (5.0.5)
  - FSCalendar (2.8.2)
  - SnapKit (5.0.1)

DEPENDENCIES:
  - Alamofire
  - FSCalendar
  - SnapKit

SPEC REPOS:
  trunk:
    - Alamofire
    - FSCalendar
    - SnapKit

SPEC CHECKSUMS:
  Alamofire: df2f8f826963b08b9a870791ad48e07a10090b2e
  FSCalendar: e6a2eb9c571bf0719ed797ef807e08426753c241
  SnapKit: 97b92857e3df3a0c71833cce143274bf6ef8e5eb

PODFILE CHECKSUM: 58914a784bb60be43dfb5f4f0b3cbe67e68312b5

COCOAPODS: 1.11.2
